// !$*UTF8*$!
{
	archiveVersion = 1;
	classes = {
	};
	objectVersion = 77;
	objects = {

/* Begin PBXContainerItemProxy section */
		5717A35D2DDAAF32004719DB /* PBXContainerItemProxy */ = {
			isa = PBXContainerItemProxy;
			containerPortal = 5717A33E2DDAAF31004719DB /* Project object */;
			proxyType = 1;
			remoteGlobalIDString = 5717A3452DDAAF31004719DB;
			remoteInfo = ChillCheck;
		};
		5717A3672DDAAF32004719DB /* PBXContainerItemProxy */ = {
			isa = PBXContainerItemProxy;
			containerPortal = 5717A33E2DDAAF31004719DB /* Project object */;
			proxyType = 1;
			remoteGlobalIDString = 5717A3452DDAAF31004719DB;
			remoteInfo = ChillCheck;
		};
/* End PBXContainerItemProxy section */

/* Begin PBXFileReference section */
		5717A3462DDAAF31004719DB /* ChillCheck.app */ = {isa = PBXFileReference; explicitFileType = wrapper.application; includeInIndex = 0; path = ChillCheck.app; sourceTree = BUILT_PRODUCTS_DIR; };
		5717A35C2DDAAF32004719DB /* ChillCheckTests.xctest */ = {isa = PBXFileReference; explicitFileType = wrapper.cfbundle; includeInIndex = 0; path = ChillCheckTests.xctest; sourceTree = BUILT_PRODUCTS_DIR; };
		5717A3662DDAAF32004719DB /* ChillCheckUITests.xctest */ = {isa = PBXFileReference; explicitFileType = wrapper.cfbundle; includeInIndex = 0; path = ChillCheckUITests.xctest; sourceTree = BUILT_PRODUCTS_DIR; };
/* End PBXFileReference section */

/* Begin PBXFileSystemSynchronizedBuildFileExceptionSet section */
		5717A36E2DDAAF32004719DB /* Exceptions for "ChillCheck" folder in "ChillCheck" target */ = {
			isa = PBXFileSystemSynchronizedBuildFileExceptionSet;
			membershipExceptions = (
				Info.plist,
			);
			target = 5717A3452DDAAF31004719DB /* ChillCheck */;
		};
/* End PBXFileSystemSynchronizedBuildFileExceptionSet section */

/* Begin PBXFileSystemSynchronizedRootGroup section */
		5717A3482DDAAF31004719DB /* ChillCheck */ = {
			isa = PBXFileSystemSynchronizedRootGroup;
			exceptions = (
				5717A36E2DDAAF32004719DB /* Exceptions for "ChillCheck" folder in "ChillCheck" target */,
			);
			path = ChillCheck;
			sourceTree = "<group>";
		};
		5717A35F2DDAAF32004719DB /* ChillCheckTests */ = {
			isa = PBXFileSystemSynchronizedRootGroup;
			path = ChillCheckTests;
			sourceTree = "<group>";
		};
		5717A3692DDAAF32004719DB /* ChillCheckUITests */ = {
			isa = PBXFileSystemSynchronizedRootGroup;
			path = ChillCheckUITests;
			sourceTree = "<group>";
		};
/* End PBXFileSystemSynchronizedRootGroup section */

/* Begin PBXFrameworksBuildPhase section */
		5717A3432DDAAF31004719DB /* Frameworks */ = {
			isa = PBXFrameworksBuildPhase;
			buildActionMask = 2147483647;
			files = (
			);
			runOnlyForDeploymentPostprocessing = 0;
		};
		5717A3592DDAAF32004719DB /* Frameworks */ = {
			isa = PBXFrameworksBuildPhase;
			buildActionMask = 2147483647;
			files = (
			);
			runOnlyForDeploymentPostprocessing = 0;
		};
		5717A3632DDAAF32004719DB /* Frameworks */ = {
			isa = PBXFrameworksBuildPhase;
			buildActionMask = 2147483647;
			files = (
			);
			runOnlyForDeploymentPostprocessing = 0;
		};
/* End PBXFrameworksBuildPhase section */

/* Begin PBXGroup section */
		5717A33D2DDAAF31004719DB = {
			isa = PBXGroup;
			children = (
				5717A3482DDAAF31004719DB /* ChillCheck */,
				5717A35F2DDAAF32004719DB /* ChillCheckTests */,
				5717A3692DDAAF32004719DB /* ChillCheckUITests */,
				5717A3472DDAAF31004719DB /* Products */,
			);
			sourceTree = "<group>";
		};
		5717A3472DDAAF31004719DB /* Products */ = {
			isa = PBXGroup;
			children = (
				5717A3462DDAAF31004719DB /* ChillCheck.app */,
				5717A35C2DDAAF32004719DB /* ChillCheckTests.xctest */,
				5717A3662DDAAF32004719DB /* ChillCheckUITests.xctest */,
			);
			name = Products;
			sourceTree = "<group>";
		};
/* End PBXGroup section */

/* Begin PBXNativeTarget section */
		5717A3452DDAAF31004719DB /* ChillCheck */ = {
			isa = PBXNativeTarget;
			buildConfigurationList = 5717A36F2DDAAF32004719DB /* Build configuration list for PBXNativeTarget "ChillCheck" */;
			buildPhases = (
				5717A3422DDAAF31004719DB /* Sources */,
				5717A3432DDAAF31004719DB /* Frameworks */,
				5717A3442DDAAF31004719DB /* Resources */,
			);
			buildRules = (
			);
			dependencies = (
			);
			fileSystemSynchronizedGroups = (
				5717A3482DDAAF31004719DB /* ChillCheck */,
			);
			name = ChillCheck;
			packageProductDependencies = (
			);
			productName = ChillCheck;
			productReference = 5717A3462DDAAF31004719DB /* ChillCheck.app */;
			productType = "com.apple.product-type.application";
		};
		5717A35B2DDAAF32004719DB /* ChillCheckTests */ = {
			isa = PBXNativeTarget;
			buildConfigurationList = 5717A3742DDAAF32004719DB /* Build configuration list for PBXNativeTarget "ChillCheckTests" */;
			buildPhases = (
				5717A3582DDAAF32004719DB /* Sources */,
				5717A3592DDAAF32004719DB /* Frameworks */,
				5717A35A2DDAAF32004719DB /* Resources */,
			);
			buildRules = (
			);
			dependencies = (
				5717A35E2DDAAF32004719DB /* PBXTargetDependency */,
			);
			fileSystemSynchronizedGroups = (
				5717A35F2DDAAF32004719DB /* ChillCheckTests */,
			);
			name = ChillCheckTests;
			packageProductDependencies = (
			);
			productName = ChillCheckTests;
			productReference = 5717A35C2DDAAF32004719DB /* ChillCheckTests.xctest */;
			productType = "com.apple.product-type.bundle.unit-test";
		};
		5717A3652DDAAF32004719DB /* ChillCheckUITests */ = {
			isa = PBXNativeTarget;
			buildConfigurationList = 5717A3772DDAAF32004719DB /* Build configuration list for PBXNativeTarget "ChillCheckUITests" */;
			buildPhases = (
				5717A3622DDAAF32004719DB /* Sources */,
				5717A3632DDAAF32004719DB /* Frameworks */,
				5717A3642DDAAF32004719DB /* Resources */,
			);
			buildRules = (
			);
			dependencies = (
				5717A3682DDAAF32004719DB /* PBXTargetDependency */,
			);
			fileSystemSynchronizedGroups = (
				5717A3692DDAAF32004719DB /* ChillCheckUITests */,
			);
			name = ChillCheckUITests;
			packageProductDependencies = (
			);
			productName = ChillCheckUITests;
			productReference = 5717A3662DDAAF32004719DB /* ChillCheckUITests.xctest */;
			productType = "com.apple.product-type.bundle.ui-testing";
		};
/* End PBXNativeTarget section */

/* Begin PBXProject section */
		5717A33E2DDAAF31004719DB /* Project object */ = {
			isa = PBXProject;
			attributes = {
				BuildIndependentTargetsInParallel = 1;
				LastSwiftUpdateCheck = 1630;
				LastUpgradeCheck = 1630;
				TargetAttributes = {
					5717A3452DDAAF31004719DB = {
						CreatedOnToolsVersion = 16.3;
					};
					5717A35B2DDAAF32004719DB = {
						CreatedOnToolsVersion = 16.3;
						TestTargetID = 5717A3452DDAAF31004719DB;
					};
					5717A3652DDAAF32004719DB = {
						CreatedOnToolsVersion = 16.3;
						TestTargetID = 5717A3452DDAAF31004719DB;
					};
				};
			};
			buildConfigurationList = 5717A3412DDAAF31004719DB /* Build configuration list for PBXProject "ChillCheck" */;
			developmentRegion = en;
			hasScannedForEncodings = 0;
			knownRegions = (
				en,
				Base,
			);
			mainGroup = 5717A33D2DDAAF31004719DB;
			minimizedProjectReferenceProxies = 1;
			preferredProjectObjectVersion = 77;
			productRefGroup = 5717A3472DDAAF31004719DB /* Products */;
			projectDirPath = "";
			projectRoot = "";
			targets = (
				5717A3452DDAAF31004719DB /* ChillCheck */,
				5717A35B2DDAAF32004719DB /* ChillCheckTests */,
				5717A3652DDAAF32004719DB /* ChillCheckUITests */,
			);
		};
/* End PBXProject section */

/* Begin PBXResourcesBuildPhase section */
		5717A3442DDAAF31004719DB /* Resources */ = {
			isa = PBXResourcesBuildPhase;
			buildActionMask = 2147483647;
			files = (
			);
			runOnlyForDeploymentPostprocessing = 0;
		};
		5717A35A2DDAAF32004719DB /* Resources */ = {
			isa = PBXResourcesBuildPhase;
			buildActionMask = 2147483647;
			files = (
			);
			runOnlyForDeploymentPostprocessing = 0;
		};
		5717A3642DDAAF32004719DB /* Resources */ = {
			isa = PBXResourcesBuildPhase;
			buildActionMask = 2147483647;
			files = (
			);
			runOnlyForDeploymentPostprocessing = 0;
		};
/* End PBXResourcesBuildPhase section */

/* Begin PBXSourcesBuildPhase section */
		5717A3422DDAAF31004719DB /* Sources */ = {
			isa = PBXSourcesBuildPhase;
			buildActionMask = 2147483647;
			files = (
			);
			runOnlyForDeploymentPostprocessing = 0;
		};
		5717A3582DDAAF32004719DB /* Sources */ = {
			isa = PBXSourcesBuildPhase;
			buildActionMask = 2147483647;
			files = (
			);
			runOnlyForDeploymentPostprocessing = 0;
		};
		5717A3622DDAAF32004719DB /* Sources */ = {
			isa = PBXSourcesBuildPhase;
			buildActionMask = 2147483647;
			files = (
			);
			runOnlyForDeploymentPostprocessing = 0;
		};
/* End PBXSourcesBuildPhase section */

/* Begin PBXTargetDependency section */
		5717A35E2DDAAF32004719DB /* PBXTargetDependency */ = {
			isa = PBXTargetDependency;
			target = 5717A3452DDAAF31004719DB /* ChillCheck */;
			targetProxy = 5717A35D2DDAAF32004719DB /* PBXContainerItemProxy */;
		};
		5717A3682DDAAF32004719DB /* PBXTargetDependency */ = {
			isa = PBXTargetDependency;
			target = 5717A3452DDAAF31004719DB /* ChillCheck */;
			targetProxy = 5717A3672DDAAF32004719DB /* PBXContainerItemProxy */;
		};
/* End PBXTargetDependency section */

/* Begin XCBuildConfiguration section */
		5717A3702DDAAF32004719DB /* Debug */ = {
			isa = XCBuildConfiguration;
			buildSettings = {
				ASSETCATALOG_COMPILER_APPICON_NAME = AppIcon;
				ASSETCATALOG_COMPILER_GLOBAL_ACCENT_COLOR_NAME = AccentColor;
				CODE_SIGN_STYLE = Manual;
				CURRENT_PROJECT_VERSION = 1;
				DEVELOPMENT_TEAM = "";
				GENERATE_INFOPLIST_FILE = YES;
				INFOPLIST_FILE = ChillCheck/Info.plist;
				INFOPLIST_KEY_UIApplicationSupportsIndirectInputEvents = YES;
				INFOPLIST_KEY_UILaunchStoryboardName = LaunchScreen;
				INFOPLIST_KEY_UIMainStoryboardFile = Main;
				INFOPLIST_KEY_UISupportedInterfaceOrientations = UIInterfaceOrientationPortrait;
				IPHONEOS_DEPLOYMENT_TARGET = 18.0;
				LD_RUNPATH_SEARCH_PATHS = (
					"$(inherited)",
					"@executable_path/Frameworks",
				);
				MARKETING_VERSION = 1.0;
				PRODUCT_BUNDLE_IDENTIFIER = com.capstone.ChillCheck;
				PRODUCT_NAME = "$(TARGET_NAME)";
				PROVISIONING_PROFILE_SPECIFIER = "";
				SWIFT_EMIT_LOC_STRINGS = YES;
				SWIFT_VERSION = 5.0;
				TARGETED_DEVICE_FAMILY = "1,2";
			};
			name = Debug;
		};
		5717A3712DDAAF32004719DB /* Release */ = {
			isa = XCBuildConfiguration;
			buildSettings = {
				ASSETCATALOG_COMPILER_APPICON_NAME = AppIcon;
				ASSETCATALOG_COMPILER_GLOBAL_ACCENT_COLOR_NAME = AccentColor;
				CODE_SIGN_STYLE = Manual;
				CURRENT_PROJECT_VERSION = 1;
				DEVELOPMENT_TEAM = "";
				GENERATE_INFOPLIST_FILE = YES;
				INFOPLIST_FILE = ChillCheck/Info.plist;
				INFOPLIST_KEY_UIApplicationSupportsIndirectInputEvents = YES;
				INFOPLIST_KEY_UILaunchStoryboardName = LaunchScreen;
				INFOPLIST_KEY_UIMainStoryboardFile = Main;
				INFOPLIST_KEY_UISupportedInterfaceOrientations = UIInterfaceOrientationPortrait;
				IPHONEOS_DEPLOYMENT_TARGET = 18.0;
				LD_RUNPATH_SEARCH_PATHS = (
					"$(inherited)",
					"@executable_path/Frameworks",
				);
				MARKETING_VERSION = 1.0;
				PRODUCT_BUNDLE_IDENTIFIER = com.capstone.ChillCheck;
				PRODUCT_NAME = "$(TARGET_NAME)";
				PROVISIONING_PROFILE_SPECIFIER = "";
				SWIFT_EMIT_LOC_STRINGS = YES;
				SWIFT_VERSION = 5.0;
				TARGETED_DEVICE_FAMILY = "1,2";
			};
			name = Release;
		};
		5717A3722DDAAF32004719DB /* Debug */ = {
			isa = XCBuildConfiguration;
			buildSettings = {
				ALWAYS_SEARCH_USER_PATHS = NO;
				ASSETCATALOG_COMPILER_GENERATE_SWIFT_ASSET_SYMBOL_EXTENSIONS = YES;
				CLANG_ANALYZER_NONNULL = YES;
				CLANG_ANALYZER_NUMBER_OBJECT_CONVERSION = YES_AGGRESSIVE;
				CLANG_CXX_LANGUAGE_STANDARD = "gnu++20";
				CLANG_ENABLE_MODULES = YES;
				CLANG_ENABLE_OBJC_ARC = YES;
				CLANG_ENABLE_OBJC_WEAK = YES;
				CLANG_WARN_BLOCK_CAPTURE_AUTORELEASING = YES;
				CLANG_WARN_BOOL_CONVERSION = YES;
				CLANG_WARN_COMMA = YES;
				CLANG_WARN_CONSTANT_CONVERSION = YES;
				CLANG_WARN_DEPRECATED_OBJC_IMPLEMENTATIONS = YES;
				CLANG_WARN_DIRECT_OBJC_ISA_USAGE = YES_ERROR;
				CLANG_WARN_DOCUMENTATION_COMMENTS = YES;
				CLANG_WARN_EMPTY_BODY = YES;
				CLANG_WARN_ENUM_CONVERSION = YES;
				CLANG_WARN_INFINITE_RECURSION = YES;
				CLANG_WARN_INT_CONVERSION = YES;
				CLANG_WARN_NON_LITERAL_NULL_CONVERSION = YES;
				CLANG_WARN_OBJC_IMPLICIT_RETAIN_SELF = YES;
				CLANG_WARN_OBJC_LITERAL_CONVERSION = YES;
				CLANG_WARN_OBJC_ROOT_CLASS = YES_ERROR;
				CLANG_WARN_QUOTED_INCLUDE_IN_FRAMEWORK_HEADER = YES;
				CLANG_WARN_RANGE_LOOP_ANALYSIS = YES;
				CLANG_WARN_STRICT_PROTOTYPES = YES;
				CLANG_WARN_SUSPICIOUS_MOVE = YES;
				CLANG_WARN_UNGUARDED_AVAILABILITY = YES_AGGRESSIVE;
				CLANG_WARN_UNREACHABLE_CODE = YES;
				CLANG_WARN__DUPLICATE_METHOD_MATCH = YES;
				COPY_PHASE_STRIP = NO;
				DEBUG_INFORMATION_FORMAT = dwarf;
				ENABLE_STRICT_OBJC_MSGSEND = YES;
				ENABLE_TESTABILITY = YES;
				ENABLE_USER_SCRIPT_SANDBOXING = YES;
				GCC_C_LANGUAGE_STANDARD = gnu17;
				GCC_DYNAMIC_NO_PIC = NO;
				GCC_NO_COMMON_BLOCKS = YES;
				GCC_OPTIMIZATION_LEVEL = 0;
				GCC_PREPROCESSOR_DEFINITIONS = (
					"DEBUG=1",
					"$(inherited)",
				);
				GCC_WARN_64_TO_32_BIT_CONVERSION = YES;
				GCC_WARN_ABOUT_RETURN_TYPE = YES_ERROR;
				GCC_WARN_UNDECLARED_SELECTOR = YES;
				GCC_WARN_UNINITIALIZED_AUTOS = YES_AGGRESSIVE;
				GCC_WARN_UNUSED_FUNCTION = YES;
				GCC_WARN_UNUSED_VARIABLE = YES;
				IPHONEOS_DEPLOYMENT_TARGET = 18.4;
				LOCALIZATION_PREFERS_STRING_CATALOGS = YES;
				MTL_ENABLE_DEBUG_INFO = INCLUDE_SOURCE;
				MTL_FAST_MATH = YES;
				ONLY_ACTIVE_ARCH = YES;
				SDKROOT = iphoneos;
				SWIFT_ACTIVE_COMPILATION_CONDITIONS = "DEBUG $(inherited)";
				SWIFT_OPTIMIZATION_LEVEL = "-Onone";
			};
			name = Debug;
		};
		5717A3732DDAAF32004719DB /* Release */ = {
			isa = XCBuildConfiguration;
			buildSettings = {
				ALWAYS_SEARCH_USER_PATHS = NO;
				ASSETCATALOG_COMPILER_GENERATE_SWIFT_ASSET_SYMBOL_EXTENSIONS = YES;
				CLANG_ANALYZER_NONNULL = YES;
				CLANG_ANALYZER_NUMBER_OBJECT_CONVERSION = YES_AGGRESSIVE;
				CLANG_CXX_LANGUAGE_STANDARD = "gnu++20";
				CLANG_ENABLE_MODULES = YES;
				CLANG_ENABLE_OBJC_ARC = YES;
				CLANG_ENABLE_OBJC_WEAK = YES;
				CLANG_WARN_BLOCK_CAPTURE_AUTORELEASING = YES;
				CLANG_WARN_BOOL_CONVERSION = YES;
				CLANG_WARN_COMMA = YES;
				CLANG_WARN_CONSTANT_CONVERSION = YES;
				CLANG_WARN_DEPRECATED_OBJC_IMPLEMENTATIONS = YES;
				CLANG_WARN_DIRECT_OBJC_ISA_USAGE = YES_ERROR;
				CLANG_WARN_DOCUMENTATION_COMMENTS = YES;
				CLANG_WARN_EMPTY_BODY = YES;
				CLANG_WARN_ENUM_CONVERSION = YES;
				CLANG_WARN_INFINITE_RECURSION = YES;
				CLANG_WARN_INT_CONVERSION = YES;
				CLANG_WARN_NON_LITERAL_NULL_CONVERSION = YES;
				CLANG_WARN_OBJC_IMPLICIT_RETAIN_SELF = YES;
				CLANG_WARN_OBJC_LITERAL_CONVERSION = YES;
				CLANG_WARN_OBJC_ROOT_CLASS = YES_ERROR;
				CLANG_WARN_QUOTED_INCLUDE_IN_FRAMEWORK_HEADER = YES;
				CLANG_WARN_RANGE_LOOP_ANALYSIS = YES;
				CLANG_WARN_STRICT_PROTOTYPES = YES;
				CLANG_WARN_SUSPICIOUS_MOVE = YES;
				CLANG_WARN_UNGUARDED_AVAILABILITY = YES_AGGRESSIVE;
				CLANG_WARN_UNREACHABLE_CODE = YES;
				CLANG_WARN__DUPLICATE_METHOD_MATCH = YES;
				COPY_PHASE_STRIP = NO;
				DEBUG_INFORMATION_FORMAT = "dwarf-with-dsym";
				ENABLE_NS_ASSERTIONS = NO;
				ENABLE_STRICT_OBJC_MSGSEND = YES;
				ENABLE_USER_SCRIPT_SANDBOXING = YES;
				GCC_C_LANGUAGE_STANDARD = gnu17;
				GCC_NO_COMMON_BLOCKS = YES;
				GCC_WARN_64_TO_32_BIT_CONVERSION = YES;
				GCC_WARN_ABOUT_RETURN_TYPE = YES_ERROR;
				GCC_WARN_UNDECLARED_SELECTOR = YES;
				GCC_WARN_UNINITIALIZED_AUTOS = YES_AGGRESSIVE;
				GCC_WARN_UNUSED_FUNCTION = YES;
				GCC_WARN_UNUSED_VARIABLE = YES;
				IPHONEOS_DEPLOYMENT_TARGET = 18.4;
				LOCALIZATION_PREFERS_STRING_CATALOGS = YES;
				MTL_ENABLE_DEBUG_INFO = NO;
				MTL_FAST_MATH = YES;
				SDKROOT = iphoneos;
				SWIFT_COMPILATION_MODE = wholemodule;
				VALIDATE_PRODUCT = YES;
			};
			name = Release;
		};
		5717A3752DDAAF32004719DB /* Debug */ = {
			isa = XCBuildConfiguration;
			buildSettings = {
				BUNDLE_LOADER = "$(TEST_HOST)";
				"CODE_SIGN_IDENTITY[sdk=iphoneos*]" = "Apple Development";
				CODE_SIGN_STYLE = Manual;
				CURRENT_PROJECT_VERSION = 1;
				DEVELOPMENT_TEAM = "";
				GENERATE_INFOPLIST_FILE = YES;
				IPHONEOS_DEPLOYMENT_TARGET = 18.4;
				MARKETING_VERSION = 1.0;
				PRODUCT_BUNDLE_IDENTIFIER = com.capstone.ChillCheckTests;
				PRODUCT_NAME = "$(TARGET_NAME)";
				PROVISIONING_PROFILE_SPECIFIER = "";
				SWIFT_EMIT_LOC_STRINGS = NO;
				SWIFT_VERSION = 5.0;
				TARGETED_DEVICE_FAMILY = "1,2";
				TEST_HOST = "$(BUILT_PRODUCTS_DIR)/ChillCheck.app/$(BUNDLE_EXECUTABLE_FOLDER_PATH)/ChillCheck";
			};
			name = Debug;
		};
		5717A3762DDAAF32004719DB /* Release */ = {
			isa = XCBuildConfiguration;
			buildSettings = {
				BUNDLE_LOADER = "$(TEST_HOST)";
				"CODE_SIGN_IDENTITY[sdk=iphoneos*]" = "Apple Development";
				CODE_SIGN_STYLE = Manual;
				CURRENT_PROJECT_VERSION = 1;
				DEVELOPMENT_TEAM = "";
				GENERATE_INFOPLIST_FILE = YES;
				IPHONEOS_DEPLOYMENT_TARGET = 18.4;
				MARKETING_VERSION = 1.0;
				PRODUCT_BUNDLE_IDENTIFIER = com.capstone.ChillCheckTests;
				PRODUCT_NAME = "$(TARGET_NAME)";
				PROVISIONING_PROFILE_SPECIFIER = "";
				SWIFT_EMIT_LOC_STRINGS = NO;
				SWIFT_VERSION = 5.0;
				TARGETED_DEVICE_FAMILY = "1,2";
				TEST_HOST = "$(BUILT_PRODUCTS_DIR)/ChillCheck.app/$(BUNDLE_EXECUTABLE_FOLDER_PATH)/ChillCheck";
			};
			name = Release;
		};
		5717A3782DDAAF32004719DB /* Debug */ = {
			isa = XCBuildConfiguration;
			buildSettings = {
				CODE_SIGN_STYLE = Automatic;
				CURRENT_PROJECT_VERSION = 1;
				GENERATE_INFOPLIST_FILE = YES;
				MARKETING_VERSION = 1.0;
				PRODUCT_BUNDLE_IDENTIFIER = com.capstone.ChillCheckUITests;
				PRODUCT_NAME = "$(TARGET_NAME)";
				SWIFT_EMIT_LOC_STRINGS = NO;
				SWIFT_VERSION = 5.0;
				TARGETED_DEVICE_FAMILY = "1,2";
				TEST_TARGET_NAME = ChillCheck;
			};
			name = Debug;
		};
		5717A3792DDAAF32004719DB /* Release */ = {
			isa = XCBuildConfiguration;
			buildSettings = {
				CODE_SIGN_STYLE = Automatic;
				CURRENT_PROJECT_VERSION = 1;
				GENERATE_INFOPLIST_FILE = YES;
				MARKETING_VERSION = 1.0;
				PRODUCT_BUNDLE_IDENTIFIER = com.capstone.ChillCheckUITests;
				PRODUCT_NAME = "$(TARGET_NAME)";
				SWIFT_EMIT_LOC_STRINGS = NO;
				SWIFT_VERSION = 5.0;
				TARGETED_DEVICE_FAMILY = "1,2";
				TEST_TARGET_NAME = ChillCheck;
			};
			name = Release;
		};
/* End XCBuildConfiguration section */

/* Begin XCConfigurationList section */
		5717A3412DDAAF31004719DB /* Build configuration list for PBXProject "ChillCheck" */ = {
			isa = XCConfigurationList;
			buildConfigurations = (
				5717A3722DDAAF32004719DB /* Debug */,
				5717A3732DDAAF32004719DB /* Release */,
			);
			defaultConfigurationIsVisible = 0;
			defaultConfigurationName = Release;
		};
		5717A36F2DDAAF32004719DB /* Build configuration list for PBXNativeTarget "ChillCheck" */ = {
			isa = XCConfigurationList;
			buildConfigurations = (
				5717A3702DDAAF32004719DB /* Debug */,
				5717A3712DDAAF32004719DB /* Release */,
			);
			defaultConfigurationIsVisible = 0;
			defaultConfigurationName = Release;
		};
		5717A3742DDAAF32004719DB /* Build configuration list for PBXNativeTarget "ChillCheckTests" */ = {
			isa = XCConfigurationList;
			buildConfigurations = (
				5717A3752DDAAF32004719DB /* Debug */,
				5717A3762DDAAF32004719DB /* Release */,
			);
			defaultConfigurationIsVisible = 0;
			defaultConfigurationName = Release;
		};
		5717A3772DDAAF32004719DB /* Build configuration list for PBXNativeTarget "ChillCheckUITests" */ = {
			isa = XCConfigurationList;
			buildConfigurations = (
				5717A3782DDAAF32004719DB /* Debug */,
				5717A3792DDAAF32004719DB /* Release */,
			);
			defaultConfigurationIsVisible = 0;
			defaultConfigurationName = Release;
		};
/* End XCConfigurationList section */
	};
	rootObject = 5717A33E2DDAAF31004719DB /* Project object */;
}
